
Microsoft Visual Studio Solution File, Format Version 12.00
# Visual Studio Version 17
VisualStudioVersion = 17.1.32210.238
MinimumVisualStudioVersion = 10.0.40219.1
Project("{FAE04EC0-301F-11D3-BF4B-00C04F79EFBC}") = "FakeLabDay3", "FakeLabDay3\FakeLabDay3.csproj", "{AD98AD00-4CFC-4BE9-9D7F-5FBAE91A79A1}"
EndProject
Global
	GlobalSection(SolutionConfigurationPlatforms) = preSolution
		Debug|Any CPU = Debug|Any CPU
		Release|Any CPU = Release|Any CPU
	EndGlobalSection
	GlobalSection(ProjectConfigurationPlatforms) = postSolution
		{AD98AD00-4CFC-4BE9-9D7F-5FBAE91A79A1}.Debug|Any CPU.ActiveCfg = Debug|Any CPU
		{AD98AD00-4CFC-4BE9-9D7F-5FBAE91A79A1}.Debug|Any CPU.Build.0 = Debug|Any CPU
		{AD98AD00-4CFC-4BE9-9D7F-5FBAE91A79A1}.Release|Any CPU.ActiveCfg = Release|Any CPU
		{AD98AD00-4CFC-4BE9-9D7F-5FBAE91A79A1}.Release|Any CPU.Build.0 = Release|Any CPU
	EndGlobalSection
	GlobalSection(SolutionProperties) = preSolution
		HideSolutionNode = FALSE
	EndGlobalSection
	GlobalSection(ExtensibilityGlobals) = postSolution
		SolutionGuid = {0CC41FB9-728B-453E-99AC-46FBB81A41F5}
	EndGlobalSection
EndGlobal
